
Microsoft Visual Studio Solution File, Format Version 12.00
# Visual Studio Version 16
VisualStudioVersion = 16.0.32106.194
MinimumVisualStudioVersion = 10.0.40219.1
Project("{FAE04EC0-301F-11D3-BF4B-00C04F79EFBC}") = "ocr", "ocr\ocr.csproj", "{6203F73E-AC1A-488F-AB94-D26B24C9A624}"
EndProject
Global
	GlobalSection(SolutionConfigurationPlatforms) = preSolution
		Debug|Any CPU = Debug|Any CPU
		Release|Any CPU = Release|Any CPU
	EndGlobalSection
	GlobalSection(ProjectConfigurationPlatforms) = postSolution
		{6203F73E-AC1A-488F-AB94-D26B24C9A624}.Debug|Any CPU.ActiveCfg = Debug|Any CPU
		{6203F73E-AC1A-488F-AB94-D26B24C9A624}.Debug|Any CPU.Build.0 = Debug|Any CPU
		{6203F73E-AC1A-488F-AB94-D26B24C9A624}.Release|Any CPU.ActiveCfg = Release|Any CPU
		{6203F73E-AC1A-488F-AB94-D26B24C9A624}.Release|Any CPU.Build.0 = Release|Any CPU
	EndGlobalSection
	GlobalSection(SolutionProperties) = preSolution
		HideSolutionNode = FALSE
	EndGlobalSection
	GlobalSection(ExtensibilityGlobals) = postSolution
		SolutionGuid = {524CD50C-CCAD-4A21-9CE3-B22EF59CE0F1}
	EndGlobalSection
EndGlobal
